
Microsoft Visual Studio Solution File, Format Version 12.00
Project("{FAE04EC0-301F-11D3-BF4B-00C04F79EFBC}") = "kata__binary_addition", "kata__binary_addition\kata__binary_addition.csproj", "{3871182C-B148-46EF-8284-2EEDE8967729}"
EndProject
Global
	GlobalSection(SolutionConfigurationPlatforms) = preSolution
		Debug|Any CPU = Debug|Any CPU
		Release|Any CPU = Release|Any CPU
	EndGlobalSection
	GlobalSection(ProjectConfigurationPlatforms) = postSolution
		{3871182C-B148-46EF-8284-2EEDE8967729}.Debug|Any CPU.ActiveCfg = Debug|Any CPU
		{3871182C-B148-46EF-8284-2EEDE8967729}.Debug|Any CPU.Build.0 = Debug|Any CPU
		{3871182C-B148-46EF-8284-2EEDE8967729}.Release|Any CPU.ActiveCfg = Release|Any CPU
		{3871182C-B148-46EF-8284-2EEDE8967729}.Release|Any CPU.Build.0 = Release|Any CPU
	EndGlobalSection
EndGlobal
