
Microsoft Visual Studio Solution File, Format Version 12.00
# Visual Studio Version 17
VisualStudioVersion = 17.3.32922.545
MinimumVisualStudioVersion = 10.0.40219.1
Project("{FAE04EC0-301F-11D3-BF4B-00C04F79EFBC}") = "Moving Zeros To The End", "Moving Zeros To The End.csproj", "{BA39C66F-2FAC-4F4A-82A2-327EAF25E75D}"
EndProject
Global
	GlobalSection(SolutionConfigurationPlatforms) = preSolution
		Debug|Any CPU = Debug|Any CPU
		Release|Any CPU = Release|Any CPU
	EndGlobalSection
	GlobalSection(ProjectConfigurationPlatforms) = postSolution
		{BA39C66F-2FAC-4F4A-82A2-327EAF25E75D}.Debug|Any CPU.ActiveCfg = Debug|Any CPU
		{BA39C66F-2FAC-4F4A-82A2-327EAF25E75D}.Debug|Any CPU.Build.0 = Debug|Any CPU
		{BA39C66F-2FAC-4F4A-82A2-327EAF25E75D}.Release|Any CPU.ActiveCfg = Release|Any CPU
		{BA39C66F-2FAC-4F4A-82A2-327EAF25E75D}.Release|Any CPU.Build.0 = Release|Any CPU
	EndGlobalSection
	GlobalSection(SolutionProperties) = preSolution
		HideSolutionNode = FALSE
	EndGlobalSection
	GlobalSection(ExtensibilityGlobals) = postSolution
		SolutionGuid = {F9E2BDE3-3670-464B-AB75-362435DB9D08}
	EndGlobalSection
EndGlobal
