
Microsoft Visual Studio Solution File, Format Version 12.00
# Visual Studio Version 17
VisualStudioVersion = 17.8.34511.84
MinimumVisualStudioVersion = 10.0.40219.1
Project("{FAE04EC0-301F-11D3-BF4B-00C04F79EFBC}") = "Count IP Addresses", "Count IP Addresses.csproj", "{A95A7DF7-9405-4DF4-8CB6-F01D5856895C}"
EndProject
Global
	GlobalSection(SolutionConfigurationPlatforms) = preSolution
		Debug|Any CPU = Debug|Any CPU
		Release|Any CPU = Release|Any CPU
	EndGlobalSection
	GlobalSection(ProjectConfigurationPlatforms) = postSolution
		{A95A7DF7-9405-4DF4-8CB6-F01D5856895C}.Debug|Any CPU.ActiveCfg = Debug|Any CPU
		{A95A7DF7-9405-4DF4-8CB6-F01D5856895C}.Debug|Any CPU.Build.0 = Debug|Any CPU
		{A95A7DF7-9405-4DF4-8CB6-F01D5856895C}.Release|Any CPU.ActiveCfg = Release|Any CPU
		{A95A7DF7-9405-4DF4-8CB6-F01D5856895C}.Release|Any CPU.Build.0 = Release|Any CPU
	EndGlobalSection
	GlobalSection(SolutionProperties) = preSolution
		HideSolutionNode = FALSE
	EndGlobalSection
	GlobalSection(ExtensibilityGlobals) = postSolution
		SolutionGuid = {855143AF-7502-4CF4-A0C3-9382D386E6E4}
	EndGlobalSection
EndGlobal
